
Microsoft Visual Studio Solution File, Format Version 12.00
# Visual Studio Version 16
VisualStudioVersion = 16.0.30413.136
MinimumVisualStudioVersion = 10.0.40219.1
Project("{FAE04EC0-301F-11D3-BF4B-00C04F79EFBC}") = "kino", "kino.csproj", "{20B1C948-EC52-492B-A0E4-7F4038C3C55E}"
EndProject
Global
	GlobalSection(SolutionConfigurationPlatforms) = preSolution
		Debug|Any CPU = Debug|Any CPU
		Release|Any CPU = Release|Any CPU
	EndGlobalSection
	GlobalSection(ProjectConfigurationPlatforms) = postSolution
		{20B1C948-EC52-492B-A0E4-7F4038C3C55E}.Debug|Any CPU.ActiveCfg = Debug|Any CPU
		{20B1C948-EC52-492B-A0E4-7F4038C3C55E}.Debug|Any CPU.Build.0 = Debug|Any CPU
		{20B1C948-EC52-492B-A0E4-7F4038C3C55E}.Release|Any CPU.ActiveCfg = Release|Any CPU
		{20B1C948-EC52-492B-A0E4-7F4038C3C55E}.Release|Any CPU.Build.0 = Release|Any CPU
	EndGlobalSection
	GlobalSection(SolutionProperties) = preSolution
		HideSolutionNode = FALSE
	EndGlobalSection
	GlobalSection(ExtensibilityGlobals) = postSolution
		SolutionGuid = {550247BE-210A-4E70-9B1D-D6387AD3E0D6}
	EndGlobalSection
EndGlobal
